
Microsoft Visual Studio Solution File, Format Version 12.00
# Visual Studio 15
VisualStudioVersion = 15.0.28307.136
MinimumVisualStudioVersion = 10.0.40219.1
Project("{FAE04EC0-301F-11D3-BF4B-00C04F79EFBC}") = "ScoreCalculator", "ScoreCalculator\ScoreCalculator.csproj", "{736441C1-602C-4B5B-BFAF-28F43C3FE205}"
EndProject
Global
	GlobalSection(SolutionConfigurationPlatforms) = preSolution
		Debug|Any CPU = Debug|Any CPU
		Release|Any CPU = Release|Any CPU
	EndGlobalSection
	GlobalSection(ProjectConfigurationPlatforms) = postSolution
		{736441C1-602C-4B5B-BFAF-28F43C3FE205}.Debug|Any CPU.ActiveCfg = Debug|Any CPU
		{736441C1-602C-4B5B-BFAF-28F43C3FE205}.Debug|Any CPU.Build.0 = Debug|Any CPU
		{736441C1-602C-4B5B-BFAF-28F43C3FE205}.Release|Any CPU.ActiveCfg = Release|Any CPU
		{736441C1-602C-4B5B-BFAF-28F43C3FE205}.Release|Any CPU.Build.0 = Release|Any CPU
	EndGlobalSection
	GlobalSection(SolutionProperties) = preSolution
		HideSolutionNode = FALSE
	EndGlobalSection
	GlobalSection(ExtensibilityGlobals) = postSolution
		SolutionGuid = {D3D59B5B-3B7A-4B49-9992-3EA853C1B565}
	EndGlobalSection
EndGlobal
